
Microsoft Visual Studio Solution File, Format Version 12.00
# Visual Studio Version 16
VisualStudioVersion = 16.0.30523.141
MinimumVisualStudioVersion = 10.0.40219.1
Project("{FAE04EC0-301F-11D3-BF4B-00C04F79EFBC}") = "Estrattore Casuale 3IC", "Estrattore Casuale 3IC\Estrattore Casuale 3IC.csproj", "{9A04521E-DCE9-4D15-9A47-C08EC6E0821D}"
EndProject
Global
	GlobalSection(SolutionConfigurationPlatforms) = preSolution
		Debug|Any CPU = Debug|Any CPU
		Release|Any CPU = Release|Any CPU
	EndGlobalSection
	GlobalSection(ProjectConfigurationPlatforms) = postSolution
		{9A04521E-DCE9-4D15-9A47-C08EC6E0821D}.Debug|Any CPU.ActiveCfg = Debug|Any CPU
		{9A04521E-DCE9-4D15-9A47-C08EC6E0821D}.Debug|Any CPU.Build.0 = Debug|Any CPU
		{9A04521E-DCE9-4D15-9A47-C08EC6E0821D}.Release|Any CPU.ActiveCfg = Release|Any CPU
		{9A04521E-DCE9-4D15-9A47-C08EC6E0821D}.Release|Any CPU.Build.0 = Release|Any CPU
	EndGlobalSection
	GlobalSection(SolutionProperties) = preSolution
		HideSolutionNode = FALSE
	EndGlobalSection
	GlobalSection(ExtensibilityGlobals) = postSolution
		SolutionGuid = {C03966F0-A63A-4537-9774-2E404B313216}
	EndGlobalSection
EndGlobal
